
Microsoft Visual Studio Solution File, Format Version 12.00
# Visual Studio Version 17
VisualStudioVersion = 17.4.33213.308
MinimumVisualStudioVersion = 10.0.40219.1
Project("{FAE04EC0-301F-11D3-BF4B-00C04F79EFBC}") = "PNG-SD-Info-Viewer", "PNG-SD-Info-Viewer\PNG-SD-Info-Viewer.csproj", "{921E5E39-D648-4301-A79D-5A77A4D627E5}"
EndProject
Global
	GlobalSection(SolutionConfigurationPlatforms) = preSolution
		Debug|Any CPU = Debug|Any CPU
		Release|Any CPU = Release|Any CPU
	EndGlobalSection
	GlobalSection(ProjectConfigurationPlatforms) = postSolution
		{921E5E39-D648-4301-A79D-5A77A4D627E5}.Debug|Any CPU.ActiveCfg = Debug|Any CPU
		{921E5E39-D648-4301-A79D-5A77A4D627E5}.Debug|Any CPU.Build.0 = Debug|Any CPU
		{921E5E39-D648-4301-A79D-5A77A4D627E5}.Release|Any CPU.ActiveCfg = Release|Any CPU
		{921E5E39-D648-4301-A79D-5A77A4D627E5}.Release|Any CPU.Build.0 = Release|Any CPU
	EndGlobalSection
	GlobalSection(SolutionProperties) = preSolution
		HideSolutionNode = FALSE
	EndGlobalSection
	GlobalSection(ExtensibilityGlobals) = postSolution
		SolutionGuid = {6EFB6E44-4729-4434-8E60-A4A1565E09D0}
	EndGlobalSection
EndGlobal
